
Microsoft Visual Studio Solution File, Format Version 12.00
# Visual Studio 15
VisualStudioVersion = 15.0.27130.0
MinimumVisualStudioVersion = 10.0.40219.1
Project("{FAE04EC0-301F-11D3-BF4B-00C04F79EFBC}") = "XrmMock.XrmToolBox", "XrmMock.XrmToolBox\XrmMock.XrmToolBox.csproj", "{6CF3D193-0A6A-4C3A-A227-FED6B4C7CB9F}"
EndProject
Global
	GlobalSection(SolutionConfigurationPlatforms) = preSolution
		Debug|Any CPU = Debug|Any CPU
		Release|Any CPU = Release|Any CPU
	EndGlobalSection
	GlobalSection(ProjectConfigurationPlatforms) = postSolution
		{6CF3D193-0A6A-4C3A-A227-FED6B4C7CB9F}.Debug|Any CPU.ActiveCfg = Debug|Any CPU
		{6CF3D193-0A6A-4C3A-A227-FED6B4C7CB9F}.Debug|Any CPU.Build.0 = Debug|Any CPU
		{6CF3D193-0A6A-4C3A-A227-FED6B4C7CB9F}.Release|Any CPU.ActiveCfg = Release|Any CPU
		{6CF3D193-0A6A-4C3A-A227-FED6B4C7CB9F}.Release|Any CPU.Build.0 = Release|Any CPU
	EndGlobalSection
	GlobalSection(SolutionProperties) = preSolution
		HideSolutionNode = FALSE
	EndGlobalSection
	GlobalSection(ExtensibilityGlobals) = postSolution
		SolutionGuid = {0F344864-C62E-4ADA-98B0-CFE158A629F4}
	EndGlobalSection
EndGlobal
